
Microsoft Visual Studio Solution File, Format Version 12.00
# Visual Studio Version 16
VisualStudioVersion = 16.0.29209.62
MinimumVisualStudioVersion = 10.0.40219.1
Project("{FAE04EC0-301F-11D3-BF4B-00C04F79EFBC}") = "AspNetCoreAreasPoC", "AspNetCoreAreasPoC\AspNetCoreAreasPoC.csproj", "{AD02FA56-1849-4977-9DF4-11E9CCD6EB18}"
EndProject
Global
	GlobalSection(SolutionConfigurationPlatforms) = preSolution
		Debug|Any CPU = Debug|Any CPU
		Release|Any CPU = Release|Any CPU
	EndGlobalSection
	GlobalSection(ProjectConfigurationPlatforms) = postSolution
		{AD02FA56-1849-4977-9DF4-11E9CCD6EB18}.Debug|Any CPU.ActiveCfg = Debug|Any CPU
		{AD02FA56-1849-4977-9DF4-11E9CCD6EB18}.Debug|Any CPU.Build.0 = Debug|Any CPU
		{AD02FA56-1849-4977-9DF4-11E9CCD6EB18}.Release|Any CPU.ActiveCfg = Release|Any CPU
		{AD02FA56-1849-4977-9DF4-11E9CCD6EB18}.Release|Any CPU.Build.0 = Release|Any CPU
	EndGlobalSection
	GlobalSection(SolutionProperties) = preSolution
		HideSolutionNode = FALSE
	EndGlobalSection
	GlobalSection(ExtensibilityGlobals) = postSolution
		SolutionGuid = {D1D31DC3-80DD-4156-9FA9-BA937B2816AE}
	EndGlobalSection
EndGlobal
